
Microsoft Visual Studio Solution File, Format Version 12.00
# Visual Studio Version 17
VisualStudioVersion = 17.1.32414.318
MinimumVisualStudioVersion = 10.0.40219.1
Project("{FAE04EC0-301F-11D3-BF4B-00C04F79EFBC}") = "Convertidor", "Convertidor\Convertidor.csproj", "{0D840A14-C031-4510-99EE-A476CFB2FDC1}"
EndProject
Global
	GlobalSection(SolutionConfigurationPlatforms) = preSolution
		Debug|Any CPU = Debug|Any CPU
		Release|Any CPU = Release|Any CPU
	EndGlobalSection
	GlobalSection(ProjectConfigurationPlatforms) = postSolution
		{0D840A14-C031-4510-99EE-A476CFB2FDC1}.Debug|Any CPU.ActiveCfg = Debug|Any CPU
		{0D840A14-C031-4510-99EE-A476CFB2FDC1}.Debug|Any CPU.Build.0 = Debug|Any CPU
		{0D840A14-C031-4510-99EE-A476CFB2FDC1}.Release|Any CPU.ActiveCfg = Release|Any CPU
		{0D840A14-C031-4510-99EE-A476CFB2FDC1}.Release|Any CPU.Build.0 = Release|Any CPU
	EndGlobalSection
	GlobalSection(SolutionProperties) = preSolution
		HideSolutionNode = FALSE
	EndGlobalSection
	GlobalSection(ExtensibilityGlobals) = postSolution
		SolutionGuid = {7FC6B775-66AC-4EF0-8E85-8D35328D29DE}
	EndGlobalSection
EndGlobal
